{
  "name": "pd-fileutils.parser",
  "version": "0.3.4",
  "lockfileVersion": 3,
  "requires": true,
  "packages": {
    "": {
      "name": "pd-fileutils.parser",
      "version": "0.3.4",
      "license": "BSD-2-Clause",
      "dependencies": {
        "underscore": "1.4.x"
      }
    },
    "node_modules/underscore": {
      "version": "1.4.4",
      "resolved": "https://registry.npmjs.org/underscore/-/underscore-1.4.4.tgz",
      "integrity": "sha512-ZqGrAgaqqZM7LGRzNjLnw5elevWb5M8LEoDMadxIW3OWbcv72wMMgKdwOKpd5Fqxe8choLD8HN3iSj3TUh/giQ=="
    }
  }
}
